
Microsoft Visual Studio Solution File, Format Version 12.00
# Visual Studio 15
VisualStudioVersion = 15.0.28307.329
MinimumVisualStudioVersion = 10.0.40219.1
Project("{FAE04EC0-301F-11D3-BF4B-00C04F79EFBC}") = "Distance Converter", "Distance Converter\Distance Converter.csproj", "{0454FBAB-3F54-46C6-A9EA-75F08F7CA18A}"
EndProject
Global
	GlobalSection(SolutionConfigurationPlatforms) = preSolution
		Debug|Any CPU = Debug|Any CPU
		Release|Any CPU = Release|Any CPU
	EndGlobalSection
	GlobalSection(ProjectConfigurationPlatforms) = postSolution
		{0454FBAB-3F54-46C6-A9EA-75F08F7CA18A}.Debug|Any CPU.ActiveCfg = Debug|Any CPU
		{0454FBAB-3F54-46C6-A9EA-75F08F7CA18A}.Debug|Any CPU.Build.0 = Debug|Any CPU
		{0454FBAB-3F54-46C6-A9EA-75F08F7CA18A}.Release|Any CPU.ActiveCfg = Release|Any CPU
		{0454FBAB-3F54-46C6-A9EA-75F08F7CA18A}.Release|Any CPU.Build.0 = Release|Any CPU
	EndGlobalSection
	GlobalSection(SolutionProperties) = preSolution
		HideSolutionNode = FALSE
	EndGlobalSection
	GlobalSection(ExtensibilityGlobals) = postSolution
		SolutionGuid = {D47148A4-D006-4C26-BEA5-3D3DE65B53A1}
	EndGlobalSection
EndGlobal
